
Microsoft Visual Studio Solution File, Format Version 12.00
# Visual Studio Version 17
VisualStudioVersion = 17.2.32519.379
MinimumVisualStudioVersion = 10.0.40219.1
Project("{FAE04EC0-301F-11D3-BF4B-00C04F79EFBC}") = "BoringPlatformer2", "BoringPlatformer2\BoringPlatformer2.csproj", "{8F25A2EF-4970-4BCA-B4E5-29A7EEEC16C9}"
EndProject
Global
	GlobalSection(SolutionConfigurationPlatforms) = preSolution
		Debug|Any CPU = Debug|Any CPU
		Release|Any CPU = Release|Any CPU
	EndGlobalSection
	GlobalSection(ProjectConfigurationPlatforms) = postSolution
		{8F25A2EF-4970-4BCA-B4E5-29A7EEEC16C9}.Debug|Any CPU.ActiveCfg = Debug|Any CPU
		{8F25A2EF-4970-4BCA-B4E5-29A7EEEC16C9}.Debug|Any CPU.Build.0 = Debug|Any CPU
		{8F25A2EF-4970-4BCA-B4E5-29A7EEEC16C9}.Release|Any CPU.ActiveCfg = Release|Any CPU
		{8F25A2EF-4970-4BCA-B4E5-29A7EEEC16C9}.Release|Any CPU.Build.0 = Release|Any CPU
	EndGlobalSection
	GlobalSection(SolutionProperties) = preSolution
		HideSolutionNode = FALSE
	EndGlobalSection
	GlobalSection(ExtensibilityGlobals) = postSolution
		SolutionGuid = {C4D3AD5F-483F-4438-89B6-A3DEE601EF63}
	EndGlobalSection
EndGlobal
